%{"bunt": {:hex, :bunt, "0.2.0", "951c6e801e8b1d2cbe58ebbd3e616a869061ddadcc4863d0a2182541acae9a38", [:mix], [], "hexpm"},
  "credo": {:hex, :credo, "0.8.1", "137efcc99b4bc507c958ba9b5dff70149e971250813cbe7d4537ec7e36997402", [:mix], [{:bunt, "~> 0.2.0", [hex: :bunt, repo: "hexpm", optional: false]}], "hexpm"},
  "faker": {:hex, :faker, "0.7.0", "2c42deeac7be717173c78c77fb3edc749fb5d5e460e33d01fe592ae99acc2f0d", [:mix], [], "hexpm"}}
